# THIS IS AN AUTOGENERATED FILE. DO NOT EDIT THIS FILE DIRECTLY.
# yarn lockfile v1


"@popperjs/core@^2.9.2":
  "integrity" "sha512-Cr4OjIkipTtcXKjAsm8agyleBuDHvxzeBoa1v543lbv1YaIwQjESsVcmjiWiPEbC1FIeHOG/Op9kdCmAmiS3Kw=="
  "resolved" "https://registry.npmjs.org/@popperjs/core/-/core-2.11.7.tgz"
  "version" "2.11.7"

"@types/bootstrap@^5.2.6":
  "integrity" "sha512-BlAc3YATdasbHoxMoBWODrSF6qwQO/E9X8wVxCCSa6rWjnaZfpkr2N6pUMCY6jj2+wf0muUtLySbvU9etX6YqA=="
  "resolved" "https://registry.npmjs.org/@types/bootstrap/-/bootstrap-5.2.6.tgz"
  "version" "5.2.6"
  dependencies:
    "@popperjs/core" "^2.9.2"

"bootstrap@^3.4.1":
  "integrity" "sha512-yN5oZVmRCwe5aKwzRj6736nSmKDX7pLYwsXiCj/EYmo16hODaBiT4En5btW/jhBF/seV+XMx3aYwukYC3A49DA=="
  "resolved" "https://registry.npmjs.org/bootstrap/-/bootstrap-3.4.1.tgz"
  "version" "3.4.1"

"jquery@^3.6.4":
  "integrity" "sha512-v28EW9DWDFpzcD9O5iyJXg3R3+q+mET5JhnjJzQUZMHOv67bpSIHq81GEYpPNZHG+XXHsfSme3nxp/hndKEcsQ=="
  "resolved" "https://registry.npmjs.org/jquery/-/jquery-3.6.4.tgz"
  "version" "3.6.4"
